// !$*UTF8*$!
{
	archiveVersion = 1;
	classes = {
	};
	objectVersion = 48;
	objects = {

/* Begin PBXBuildFile section */
		8428F6CA24DB72410057A50B /* LoginViewController.swift in Sources */ = {isa = PBXBuildFile; fileRef = 8428F6C824DB72410057A50B /* LoginViewController.swift */; };
		8428F6CB24DB72410057A50B /* LoginViewController.xib in Resources */ = {isa = PBXBuildFile; fileRef = 8428F6C924DB72410057A50B /* LoginViewController.xib */; };
		8428F6CD24DB72560057A50B /* User.swift in Sources */ = {isa = PBXBuildFile; fileRef = 8428F6CC24DB72560057A50B /* User.swift */; };
		8428F6D224DB72DE0057A50B /* SignUpViewController.swift in Sources */ = {isa = PBXBuildFile; fileRef = 8428F6D024DB72DE0057A50B /* SignUpViewController.swift */; };
		8428F6D324DB72DE0057A50B /* SignUpViewController.xib in Resources */ = {isa = PBXBuildFile; fileRef = 8428F6D124DB72DE0057A50B /* SignUpViewController.xib */; };
		8428F6DE24DB74EC0057A50B /* BaseViewController.swift in Sources */ = {isa = PBXBuildFile; fileRef = 8428F6DD24DB74EC0057A50B /* BaseViewController.swift */; };
		84864C1E24D4D99700941000 /* AppDelegate.swift in Sources */ = {isa = PBXBuildFile; fileRef = 84864C1D24D4D99700941000 /* AppDelegate.swift */; };
		84864C2524D4D99700941000 /* Assets.xcassets in Resources */ = {isa = PBXBuildFile; fileRef = 84864C2424D4D99700941000 /* Assets.xcassets */; };
		84864C2824D4D99700941000 /* LaunchScreen.storyboard in Resources */ = {isa = PBXBuildFile; fileRef = 84864C2624D4D99700941000 /* LaunchScreen.storyboard */; };
/* End PBXBuildFile section */

/* Begin PBXFileReference section */
		8428F6C824DB72410057A50B /* LoginViewController.swift */ = {isa = PBXFileReference; lastKnownFileType = sourcecode.swift; path = LoginViewController.swift; sourceTree = "<group>"; };
		8428F6C924DB72410057A50B /* LoginViewController.xib */ = {isa = PBXFileReference; lastKnownFileType = file.xib; path = LoginViewController.xib; sourceTree = "<group>"; };
		8428F6CC24DB72560057A50B /* User.swift */ = {isa = PBXFileReference; lastKnownFileType = sourcecode.swift; path = User.swift; sourceTree = "<group>"; };
		8428F6D024DB72DE0057A50B /* SignUpViewController.swift */ = {isa = PBXFileReference; lastKnownFileType = sourcecode.swift; path = SignUpViewController.swift; sourceTree = "<group>"; };
		8428F6D124DB72DE0057A50B /* SignUpViewController.xib */ = {isa = PBXFileReference; lastKnownFileType = file.xib; path = SignUpViewController.xib; sourceTree = "<group>"; };
		8428F6DD24DB74EC0057A50B /* BaseViewController.swift */ = {isa = PBXFileReference; lastKnownFileType = sourcecode.swift; path = BaseViewController.swift; sourceTree = "<group>"; };
		84864C1A24D4D99700941000 /* MisFinanzas.app */ = {isa = PBXFileReference; explicitFileType = wrapper.application; includeInIndex = 0; path = MisFinanzas.app; sourceTree = BUILT_PRODUCTS_DIR; };
		84864C1D24D4D99700941000 /* AppDelegate.swift */ = {isa = PBXFileReference; lastKnownFileType = sourcecode.swift; path = AppDelegate.swift; sourceTree = "<group>"; };
		84864C2424D4D99700941000 /* Assets.xcassets */ = {isa = PBXFileReference; lastKnownFileType = folder.assetcatalog; path = Assets.xcassets; sourceTree = "<group>"; };
		84864C2724D4D99700941000 /* Base */ = {isa = PBXFileReference; lastKnownFileType = file.storyboard; name = Base; path = Base.lproj/LaunchScreen.storyboard; sourceTree = "<group>"; };
		84864C2924D4D99700941000 /* Info.plist */ = {isa = PBXFileReference; lastKnownFileType = text.plist.xml; path = Info.plist; sourceTree = "<group>"; };
/* End PBXFileReference section */

/* Begin PBXFrameworksBuildPhase section */
		84864C1724D4D99700941000 /* Frameworks */ = {
			isa = PBXFrameworksBuildPhase;
			buildActionMask = 2147483647;
			files = (
			);
			runOnlyForDeploymentPostprocessing = 0;
		};
/* End PBXFrameworksBuildPhase section */

/* Begin PBXGroup section */
		8428F6D424DB73500057A50B /* Application */ = {
			isa = PBXGroup;
			children = (
				8428F6DC24DB73F60057A50B /* Entities */,
				8428F6D724DB736E0057A50B /* Base */,
				8428F6D524DB73590057A50B /* Auth */,
			);
			path = Application;
			sourceTree = "<group>";
		};
		8428F6D524DB73590057A50B /* Auth */ = {
			isa = PBXGroup;
			children = (
				8428F6DB24DB73E40057A50B /* SignUp */,
				8428F6D824DB737A0057A50B /* Login */,
			);
			path = Auth;
			sourceTree = "<group>";
		};
		8428F6D724DB736E0057A50B /* Base */ = {
			isa = PBXGroup;
			children = (
				8428F6DD24DB74EC0057A50B /* BaseViewController.swift */,
			);
			path = Base;
			sourceTree = "<group>";
		};
		8428F6D824DB737A0057A50B /* Login */ = {
			isa = PBXGroup;
			children = (
				8428F6C824DB72410057A50B /* LoginViewController.swift */,
				8428F6C924DB72410057A50B /* LoginViewController.xib */,
			);
			path = Login;
			sourceTree = "<group>";
		};
		8428F6D924DB739A0057A50B /* Base.lproj */ = {
			isa = PBXGroup;
			children = (
				84864C2624D4D99700941000 /* LaunchScreen.storyboard */,
			);
			name = Base.lproj;
			path = "New Group";
			sourceTree = "<group>";
		};
		8428F6DA24DB73BD0057A50B /* Resources */ = {
			isa = PBXGroup;
			children = (
				84864C2424D4D99700941000 /* Assets.xcassets */,
			);
			path = Resources;
			sourceTree = "<group>";
		};
		8428F6DB24DB73E40057A50B /* SignUp */ = {
			isa = PBXGroup;
			children = (
				8428F6D024DB72DE0057A50B /* SignUpViewController.swift */,
				8428F6D124DB72DE0057A50B /* SignUpViewController.xib */,
			);
			path = SignUp;
			sourceTree = "<group>";
		};
		8428F6DC24DB73F60057A50B /* Entities */ = {
			isa = PBXGroup;
			children = (
				8428F6CC24DB72560057A50B /* User.swift */,
			);
			path = Entities;
			sourceTree = "<group>";
		};
		84864C1124D4D99700941000 = {
			isa = PBXGroup;
			children = (
				84864C1C24D4D99700941000 /* MisFinanzas */,
				84864C1B24D4D99700941000 /* Products */,
			);
			sourceTree = "<group>";
		};
		84864C1B24D4D99700941000 /* Products */ = {
			isa = PBXGroup;
			children = (
				84864C1A24D4D99700941000 /* MisFinanzas.app */,
			);
			name = Products;
			sourceTree = "<group>";
		};
		84864C1C24D4D99700941000 /* MisFinanzas */ = {
			isa = PBXGroup;
			children = (
				8428F6DA24DB73BD0057A50B /* Resources */,
				8428F6D924DB739A0057A50B /* Base.lproj */,
				8428F6D424DB73500057A50B /* Application */,
				84864C1D24D4D99700941000 /* AppDelegate.swift */,
				84864C2924D4D99700941000 /* Info.plist */,
			);
			path = MisFinanzas;
			sourceTree = "<group>";
		};
/* End PBXGroup section */

/* Begin PBXNativeTarget section */
		84864C1924D4D99700941000 /* MisFinanzas */ = {
			isa = PBXNativeTarget;
			buildConfigurationList = 84864C2C24D4D99700941000 /* Build configuration list for PBXNativeTarget "MisFinanzas" */;
			buildPhases = (
				84864C1624D4D99700941000 /* Sources */,
				84864C1724D4D99700941000 /* Frameworks */,
				84864C1824D4D99700941000 /* Resources */,
			);
			buildRules = (
			);
			dependencies = (
			);
			name = MisFinanzas;
			productName = MisFinanzas;
			productReference = 84864C1A24D4D99700941000 /* MisFinanzas.app */;
			productType = "com.apple.product-type.application";
		};
/* End PBXNativeTarget section */

/* Begin PBXProject section */
		84864C1224D4D99700941000 /* Project object */ = {
			isa = PBXProject;
			attributes = {
				LastSwiftUpdateCheck = 0900;
				LastUpgradeCheck = 0900;
				ORGANIZATIONNAME = Admin;
				TargetAttributes = {
					84864C1924D4D99700941000 = {
						CreatedOnToolsVersion = 9.0;
						ProvisioningStyle = Automatic;
					};
				};
			};
			buildConfigurationList = 84864C1524D4D99700941000 /* Build configuration list for PBXProject "MisFinanzas" */;
			compatibilityVersion = "Xcode 8.0";
			developmentRegion = en;
			hasScannedForEncodings = 0;
			knownRegions = (
				en,
				Base,
			);
			mainGroup = 84864C1124D4D99700941000;
			productRefGroup = 84864C1B24D4D99700941000 /* Products */;
			projectDirPath = "";
			projectRoot = "";
			targets = (
				84864C1924D4D99700941000 /* MisFinanzas */,
			);
		};
/* End PBXProject section */

/* Begin PBXResourcesBuildPhase section */
		84864C1824D4D99700941000 /* Resources */ = {
			isa = PBXResourcesBuildPhase;
			buildActionMask = 2147483647;
			files = (
				84864C2824D4D99700941000 /* LaunchScreen.storyboard in Resources */,
				84864C2524D4D99700941000 /* Assets.xcassets in Resources */,
				8428F6D324DB72DE0057A50B /* SignUpViewController.xib in Resources */,
				8428F6CB24DB72410057A50B /* LoginViewController.xib in Resources */,
			);
			runOnlyForDeploymentPostprocessing = 0;
		};
/* End PBXResourcesBuildPhase section */

/* Begin PBXSourcesBuildPhase section */
		84864C1624D4D99700941000 /* Sources */ = {
			isa = PBXSourcesBuildPhase;
			buildActionMask = 2147483647;
			files = (
				8428F6DE24DB74EC0057A50B /* BaseViewController.swift in Sources */,
				8428F6CA24DB72410057A50B /* LoginViewController.swift in Sources */,
				84864C1E24D4D99700941000 /* AppDelegate.swift in Sources */,
				8428F6D224DB72DE0057A50B /* SignUpViewController.swift in Sources */,
				8428F6CD24DB72560057A50B /* User.swift in Sources */,
			);
			runOnlyForDeploymentPostprocessing = 0;
		};
/* End PBXSourcesBuildPhase section */

/* Begin PBXVariantGroup section */
		84864C2624D4D99700941000 /* LaunchScreen.storyboard */ = {
			isa = PBXVariantGroup;
			children = (
				84864C2724D4D99700941000 /* Base */,
			);
			name = LaunchScreen.storyboard;
			sourceTree = "<group>";
		};
/* End PBXVariantGroup section */

/* Begin XCBuildConfiguration section */
		84864C2A24D4D99700941000 /* Debug */ = {
			isa = XCBuildConfiguration;
			buildSettings = {
				ALWAYS_SEARCH_USER_PATHS = NO;
				CLANG_ANALYZER_NONNULL = YES;
				CLANG_ANALYZER_NUMBER_OBJECT_CONVERSION = YES_AGGRESSIVE;
				CLANG_CXX_LANGUAGE_STANDARD = "gnu++14";
				CLANG_CXX_LIBRARY = "libc++";
				CLANG_ENABLE_MODULES = YES;
				CLANG_ENABLE_OBJC_ARC = YES;
				CLANG_WARN_BLOCK_CAPTURE_AUTORELEASING = YES;
				CLANG_WARN_BOOL_CONVERSION = YES;
				CLANG_WARN_COMMA = YES;
				CLANG_WARN_CONSTANT_CONVERSION = YES;
				CLANG_WARN_DIRECT_OBJC_ISA_USAGE = YES_ERROR;
				CLANG_WARN_DOCUMENTATION_COMMENTS = YES;
				CLANG_WARN_EMPTY_BODY = YES;
				CLANG_WARN_ENUM_CONVERSION = YES;
				CLANG_WARN_INFINITE_RECURSION = YES;
				CLANG_WARN_INT_CONVERSION = YES;
				CLANG_WARN_NON_LITERAL_NULL_CONVERSION = YES;
				CLANG_WARN_OBJC_LITERAL_CONVERSION = YES;
				CLANG_WARN_OBJC_ROOT_CLASS = YES_ERROR;
				CLANG_WARN_RANGE_LOOP_ANALYSIS = YES;
				CLANG_WARN_STRICT_PROTOTYPES = YES;
				CLANG_WARN_SUSPICIOUS_MOVE = YES;
				CLANG_WARN_UNGUARDED_AVAILABILITY = YES_AGGRESSIVE;
				CLANG_WARN_UNREACHABLE_CODE = YES;
				CLANG_WARN__DUPLICATE_METHOD_MATCH = YES;
				CODE_SIGN_IDENTITY = "iPhone Developer";
				COPY_PHASE_STRIP = NO;
				DEBUG_INFORMATION_FORMAT = dwarf;
				ENABLE_STRICT_OBJC_MSGSEND = YES;
				ENABLE_TESTABILITY = YES;
				GCC_C_LANGUAGE_STANDARD = gnu11;
				GCC_DYNAMIC_NO_PIC = NO;
				GCC_NO_COMMON_BLOCKS = YES;
				GCC_OPTIMIZATION_LEVEL = 0;
				GCC_PREPROCESSOR_DEFINITIONS = (
					"DEBUG=1",
					"$(inherited)",
				);
				GCC_WARN_64_TO_32_BIT_CONVERSION = YES;
				GCC_WARN_ABOUT_RETURN_TYPE = YES_ERROR;
				GCC_WARN_UNDECLARED_SELECTOR = YES;
				GCC_WARN_UNINITIALIZED_AUTOS = YES_AGGRESSIVE;
				GCC_WARN_UNUSED_FUNCTION = YES;
				GCC_WARN_UNUSED_VARIABLE = YES;
				IPHONEOS_DEPLOYMENT_TARGET = 11.0;
				MTL_ENABLE_DEBUG_INFO = YES;
				ONLY_ACTIVE_ARCH = YES;
				SDKROOT = iphoneos;
				SWIFT_ACTIVE_COMPILATION_CONDITIONS = DEBUG;
				SWIFT_OPTIMIZATION_LEVEL = "-Onone";
			};
			name = Debug;
		};
		84864C2B24D4D99700941000 /* Release */ = {
			isa = XCBuildConfiguration;
			buildSettings = {
				ALWAYS_SEARCH_USER_PATHS = NO;
				CLANG_ANALYZER_NONNULL = YES;
				CLANG_ANALYZER_NUMBER_OBJECT_CONVERSION = YES_AGGRESSIVE;
				CLANG_CXX_LANGUAGE_STANDARD = "gnu++14";
				CLANG_CXX_LIBRARY = "libc++";
				CLANG_ENABLE_MODULES = YES;
				CLANG_ENABLE_OBJC_ARC = YES;
				CLANG_WARN_BLOCK_CAPTURE_AUTORELEASING = YES;
				CLANG_WARN_BOOL_CONVERSION = YES;
				CLANG_WARN_COMMA = YES;
				CLANG_WARN_CONSTANT_CONVERSION = YES;
				CLANG_WARN_DIRECT_OBJC_ISA_USAGE = YES_ERROR;
				CLANG_WARN_DOCUMENTATION_COMMENTS = YES;
				CLANG_WARN_EMPTY_BODY = YES;
				CLANG_WARN_ENUM_CONVERSION = YES;
				CLANG_WARN_INFINITE_RECURSION = YES;
				CLANG_WARN_INT_CONVERSION = YES;
				CLANG_WARN_NON_LITERAL_NULL_CONVERSION = YES;
				CLANG_WARN_OBJC_LITERAL_CONVERSION = YES;
				CLANG_WARN_OBJC_ROOT_CLASS = YES_ERROR;
				CLANG_WARN_RANGE_LOOP_ANALYSIS = YES;
				CLANG_WARN_STRICT_PROTOTYPES = YES;
				CLANG_WARN_SUSPICIOUS_MOVE = YES;
				CLANG_WARN_UNGUARDED_AVAILABILITY = YES_AGGRESSIVE;
				CLANG_WARN_UNREACHABLE_CODE = YES;
				CLANG_WARN__DUPLICATE_METHOD_MATCH = YES;
				CODE_SIGN_IDENTITY = "iPhone Developer";
				COPY_PHASE_STRIP = NO;
				DEBUG_INFORMATION_FORMAT = "dwarf-with-dsym";
				ENABLE_NS_ASSERTIONS = NO;
				ENABLE_STRICT_OBJC_MSGSEND = YES;
				GCC_C_LANGUAGE_STANDARD = gnu11;
				GCC_NO_COMMON_BLOCKS = YES;
				GCC_WARN_64_TO_32_BIT_CONVERSION = YES;
				GCC_WARN_ABOUT_RETURN_TYPE = YES_ERROR;
				GCC_WARN_UNDECLARED_SELECTOR = YES;
				GCC_WARN_UNINITIALIZED_AUTOS = YES_AGGRESSIVE;
				GCC_WARN_UNUSED_FUNCTION = YES;
				GCC_WARN_UNUSED_VARIABLE = YES;
				IPHONEOS_DEPLOYMENT_TARGET = 11.0;
				MTL_ENABLE_DEBUG_INFO = NO;
				SDKROOT = iphoneos;
				SWIFT_OPTIMIZATION_LEVEL = "-Owholemodule";
				VALIDATE_PRODUCT = YES;
			};
			name = Release;
		};
		84864C2D24D4D99700941000 /* Debug */ = {
			isa = XCBuildConfiguration;
			buildSettings = {
				ASSETCATALOG_COMPILER_APPICON_NAME = AppIcon;
				CODE_SIGN_STYLE = Automatic;
				INFOPLIST_FILE = MisFinanzas/Info.plist;
				LD_RUNPATH_SEARCH_PATHS = "$(inherited) @executable_path/Frameworks";
				PRODUCT_BUNDLE_IDENTIFIER = Xcode.MisFinanzas;
				PRODUCT_NAME = "$(TARGET_NAME)";
				SWIFT_VERSION = 4.0;
				TARGETED_DEVICE_FAMILY = "1,2";
			};
			name = Debug;
		};
		84864C2E24D4D99700941000 /* Release */ = {
			isa = XCBuildConfiguration;
			buildSettings = {
				ASSETCATALOG_COMPILER_APPICON_NAME = AppIcon;
				CODE_SIGN_STYLE = Automatic;
				INFOPLIST_FILE = MisFinanzas/Info.plist;
				LD_RUNPATH_SEARCH_PATHS = "$(inherited) @executable_path/Frameworks";
				PRODUCT_BUNDLE_IDENTIFIER = Xcode.MisFinanzas;
				PRODUCT_NAME = "$(TARGET_NAME)";
				SWIFT_VERSION = 4.0;
				TARGETED_DEVICE_FAMILY = "1,2";
			};
			name = Release;
		};
/* End XCBuildConfiguration section */

/* Begin XCConfigurationList section */
		84864C1524D4D99700941000 /* Build configuration list for PBXProject "MisFinanzas" */ = {
			isa = XCConfigurationList;
			buildConfigurations = (
				84864C2A24D4D99700941000 /* Debug */,
				84864C2B24D4D99700941000 /* Release */,
			);
			defaultConfigurationIsVisible = 0;
			defaultConfigurationName = Release;
		};
		84864C2C24D4D99700941000 /* Build configuration list for PBXNativeTarget "MisFinanzas" */ = {
			isa = XCConfigurationList;
			buildConfigurations = (
				84864C2D24D4D99700941000 /* Debug */,
				84864C2E24D4D99700941000 /* Release */,
			);
			defaultConfigurationIsVisible = 0;
			defaultConfigurationName = Release;
		};
/* End XCConfigurationList section */
	};
	rootObject = 84864C1224D4D99700941000 /* Project object */;
}
